// !$*UTF8*$!
{
	archiveVersion = 1;
	classes = {
	};
	objectVersion = 46;
	objects = {

/* Begin PBXBuildFile section */
		C9D87F861EBA456A00F9556B /* AppDelegate.swift in Sources */ = {isa = PBXBuildFile; fileRef = C9D87F851EBA456A00F9556B /* AppDelegate.swift */; };
		C9D87F881EBA456A00F9556B /* ViewController.swift in Sources */ = {isa = PBXBuildFile; fileRef = C9D87F871EBA456A00F9556B /* ViewController.swift */; };
		C9D87F8B1EBA456A00F9556B /* Main.storyboard in Resources */ = {isa = PBXBuildFile; fileRef = C9D87F891EBA456A00F9556B /* Main.storyboard */; };
		C9D87F8D1EBA456A00F9556B /* Assets.xcassets in Resources */ = {isa = PBXBuildFile; fileRef = C9D87F8C1EBA456A00F9556B /* Assets.xcassets */; };
		C9D87F901EBA456A00F9556B /* LaunchScreen.storyboard in Resources */ = {isa = PBXBuildFile; fileRef = C9D87F8E1EBA456A00F9556B /* LaunchScreen.storyboard */; };
/* End PBXBuildFile section */

/* Begin PBXFileReference section */
		C9D87F821EBA456A00F9556B /* AlmofireinUse.app */ = {isa = PBXFileReference; explicitFileType = wrapper.application; includeInIndex = 0; path = AlmofireinUse.app; sourceTree = BUILT_PRODUCTS_DIR; };
		C9D87F851EBA456A00F9556B /* AppDelegate.swift */ = {isa = PBXFileReference; lastKnownFileType = sourcecode.swift; path = AppDelegate.swift; sourceTree = "<group>"; };
		C9D87F871EBA456A00F9556B /* ViewController.swift */ = {isa = PBXFileReference; lastKnownFileType = sourcecode.swift; path = ViewController.swift; sourceTree = "<group>"; };
		C9D87F8A1EBA456A00F9556B /* Base */ = {isa = PBXFileReference; lastKnownFileType = file.storyboard; name = Base; path = Base.lproj/Main.storyboard; sourceTree = "<group>"; };
		C9D87F8C1EBA456A00F9556B /* Assets.xcassets */ = {isa = PBXFileReference; lastKnownFileType = folder.assetcatalog; path = Assets.xcassets; sourceTree = "<group>"; };
		C9D87F8F1EBA456A00F9556B /* Base */ = {isa = PBXFileReference; lastKnownFileType = file.storyboard; name = Base; path = Base.lproj/LaunchScreen.storyboard; sourceTree = "<group>"; };
		C9D87F911EBA456A00F9556B /* Info.plist */ = {isa = PBXFileReference; lastKnownFileType = text.plist.xml; path = Info.plist; sourceTree = "<group>"; };
/* End PBXFileReference section */

/* Begin PBXFrameworksBuildPhase section */
		C9D87F7F1EBA456A00F9556B /* Frameworks */ = {
			isa = PBXFrameworksBuildPhase;
			buildActionMask = 2147483647;
			files = (
			);
			runOnlyForDeploymentPostprocessing = 0;
		};
/* End PBXFrameworksBuildPhase section */

/* Begin PBXGroup section */
		C9D87F791EBA456A00F9556B = {
			isa = PBXGroup;
			children = (
				C9D87F841EBA456A00F9556B /* AlmofireinUse */,
				C9D87F831EBA456A00F9556B /* Products */,
			);
			sourceTree = "<group>";
		};
		C9D87F831EBA456A00F9556B /* Products */ = {
			isa = PBXGroup;
			children = (
				C9D87F821EBA456A00F9556B /* AlmofireinUse.app */,
			);
			name = Products;
			sourceTree = "<group>";
		};
		C9D87F841EBA456A00F9556B /* AlmofireinUse */ = {
			isa = PBXGroup;
			children = (
				C9D87F851EBA456A00F9556B /* AppDelegate.swift */,
				C9D87F871EBA456A00F9556B /* ViewController.swift */,
				C9D87F891EBA456A00F9556B /* Main.storyboard */,
				C9D87F8C1EBA456A00F9556B /* Assets.xcassets */,
				C9D87F8E1EBA456A00F9556B /* LaunchScreen.storyboard */,
				C9D87F911EBA456A00F9556B /* Info.plist */,
			);
			path = AlmofireinUse;
			sourceTree = "<group>";
		};
/* End PBXGroup section */

/* Begin PBXNativeTarget section */
		C9D87F811EBA456A00F9556B /* AlmofireinUse */ = {
			isa = PBXNativeTarget;
			buildConfigurationList = C9D87F941EBA456A00F9556B /* Build configuration list for PBXNativeTarget "AlmofireinUse" */;
			buildPhases = (
				C9D87F7E1EBA456A00F9556B /* Sources */,
				C9D87F7F1EBA456A00F9556B /* Frameworks */,
				C9D87F801EBA456A00F9556B /* Resources */,
			);
			buildRules = (
			);
			dependencies = (
			);
			name = AlmofireinUse;
			productName = AlmofireinUse;
			productReference = C9D87F821EBA456A00F9556B /* AlmofireinUse.app */;
			productType = "com.apple.product-type.application";
		};
/* End PBXNativeTarget section */

/* Begin PBXProject section */
		C9D87F7A1EBA456A00F9556B /* Project object */ = {
			isa = PBXProject;
			attributes = {
				LastSwiftUpdateCheck = 0830;
				LastUpgradeCheck = 0830;
				ORGANIZATIONNAME = "ANKIT SHARMA";
				TargetAttributes = {
					C9D87F811EBA456A00F9556B = {
						CreatedOnToolsVersion = 8.3.2;
						DevelopmentTeam = PPFQTYCRTS;
						ProvisioningStyle = Automatic;
					};
				};
			};
			buildConfigurationList = C9D87F7D1EBA456A00F9556B /* Build configuration list for PBXProject "AlmofireinUse" */;
			compatibilityVersion = "Xcode 3.2";
			developmentRegion = English;
			hasScannedForEncodings = 0;
			knownRegions = (
				en,
				Base,
			);
			mainGroup = C9D87F791EBA456A00F9556B;
			productRefGroup = C9D87F831EBA456A00F9556B /* Products */;
			projectDirPath = "";
			projectRoot = "";
			targets = (
				C9D87F811EBA456A00F9556B /* AlmofireinUse */,
			);
		};
/* End PBXProject section */

/* Begin PBXResourcesBuildPhase section */
		C9D87F801EBA456A00F9556B /* Resources */ = {
			isa = PBXResourcesBuildPhase;
			buildActionMask = 2147483647;
			files = (
				C9D87F901EBA456A00F9556B /* LaunchScreen.storyboard in Resources */,
				C9D87F8D1EBA456A00F9556B /* Assets.xcassets in Resources */,
				C9D87F8B1EBA456A00F9556B /* Main.storyboard in Resources */,
			);
			runOnlyForDeploymentPostprocessing = 0;
		};
/* End PBXResourcesBuildPhase section */

/* Begin PBXSourcesBuildPhase section */
		C9D87F7E1EBA456A00F9556B /* Sources */ = {
			isa = PBXSourcesBuildPhase;
			buildActionMask = 2147483647;
			files = (
				C9D87F881EBA456A00F9556B /* ViewController.swift in Sources */,
				C9D87F861EBA456A00F9556B /* AppDelegate.swift in Sources */,
			);
			runOnlyForDeploymentPostprocessing = 0;
		};
/* End PBXSourcesBuildPhase section */

/* Begin PBXVariantGroup section */
		C9D87F891EBA456A00F9556B /* Main.storyboard */ = {
			isa = PBXVariantGroup;
			children = (
				C9D87F8A1EBA456A00F9556B /* Base */,
			);
			name = Main.storyboard;
			sourceTree = "<group>";
		};
		C9D87F8E1EBA456A00F9556B /* LaunchScreen.storyboard */ = {
			isa = PBXVariantGroup;
			children = (
				C9D87F8F1EBA456A00F9556B /* Base */,
			);
			name = LaunchScreen.storyboard;
			sourceTree = "<group>";
		};
/* End PBXVariantGroup section */

/* Begin XCBuildConfiguration section */
		C9D87F921EBA456A00F9556B /* Debug */ = {
			isa = XCBuildConfiguration;
			buildSettings = {
				ALWAYS_SEARCH_USER_PATHS = NO;
				CLANG_ANALYZER_NONNULL = YES;
				CLANG_ANALYZER_NUMBER_OBJECT_CONVERSION = YES_AGGRESSIVE;
				CLANG_CXX_LANGUAGE_STANDARD = "gnu++0x";
				CLANG_CXX_LIBRARY = "libc++";
				CLANG_ENABLE_MODULES = YES;
				CLANG_ENABLE_OBJC_ARC = YES;
				CLANG_WARN_BOOL_CONVERSION = YES;
				CLANG_WARN_CONSTANT_CONVERSION = YES;
				CLANG_WARN_DIRECT_OBJC_ISA_USAGE = YES_ERROR;
				CLANG_WARN_DOCUMENTATION_COMMENTS = YES;
				CLANG_WARN_EMPTY_BODY = YES;
				CLANG_WARN_ENUM_CONVERSION = YES;
				CLANG_WARN_INFINITE_RECURSION = YES;
				CLANG_WARN_INT_CONVERSION = YES;
				CLANG_WARN_OBJC_ROOT_CLASS = YES_ERROR;
				CLANG_WARN_SUSPICIOUS_MOVE = YES;
				CLANG_WARN_UNREACHABLE_CODE = YES;
				CLANG_WARN__DUPLICATE_METHOD_MATCH = YES;
				"CODE_SIGN_IDENTITY[sdk=iphoneos*]" = "iPhone Developer";
				COPY_PHASE_STRIP = NO;
				DEBUG_INFORMATION_FORMAT = dwarf;
				ENABLE_STRICT_OBJC_MSGSEND = YES;
				ENABLE_TESTABILITY = YES;
				GCC_C_LANGUAGE_STANDARD = gnu99;
				GCC_DYNAMIC_NO_PIC = NO;
				GCC_NO_COMMON_BLOCKS = YES;
				GCC_OPTIMIZATION_LEVEL = 0;
				GCC_PREPROCESSOR_DEFINITIONS = (
					"DEBUG=1",
					"$(inherited)",
				);
				GCC_WARN_64_TO_32_BIT_CONVERSION = YES;
				GCC_WARN_ABOUT_RETURN_TYPE = YES_ERROR;
				GCC_WARN_UNDECLARED_SELECTOR = YES;
				GCC_WARN_UNINITIALIZED_AUTOS = YES_AGGRESSIVE;
				GCC_WARN_UNUSED_FUNCTION = YES;
				GCC_WARN_UNUSED_VARIABLE = YES;
				IPHONEOS_DEPLOYMENT_TARGET = 10.3;
				MTL_ENABLE_DEBUG_INFO = YES;
				ONLY_ACTIVE_ARCH = YES;
				SDKROOT = iphoneos;
				SWIFT_ACTIVE_COMPILATION_CONDITIONS = DEBUG;
				SWIFT_OPTIMIZATION_LEVEL = "-Onone";
			};
			name = Debug;
		};
		C9D87F931EBA456A00F9556B /* Release */ = {
			isa = XCBuildConfiguration;
			buildSettings = {
				ALWAYS_SEARCH_USER_PATHS = NO;
				CLANG_ANALYZER_NONNULL = YES;
				CLANG_ANALYZER_NUMBER_OBJECT_CONVERSION = YES_AGGRESSIVE;
				CLANG_CXX_LANGUAGE_STANDARD = "gnu++0x";
				CLANG_CXX_LIBRARY = "libc++";
				CLANG_ENABLE_MODULES = YES;
				CLANG_ENABLE_OBJC_ARC = YES;
				CLANG_WARN_BOOL_CONVERSION = YES;
				CLANG_WARN_CONSTANT_CONVERSION = YES;
				CLANG_WARN_DIRECT_OBJC_ISA_USAGE = YES_ERROR;
				CLANG_WARN_DOCUMENTATION_COMMENTS = YES;
				CLANG_WARN_EMPTY_BODY = YES;
				CLANG_WARN_ENUM_CONVERSION = YES;
				CLANG_WARN_INFINITE_RECURSION = YES;
				CLANG_WARN_INT_CONVERSION = YES;
				CLANG_WARN_OBJC_ROOT_CLASS = YES_ERROR;
				CLANG_WARN_SUSPICIOUS_MOVE = YES;
				CLANG_WARN_UNREACHABLE_CODE = YES;
				CLANG_WARN__DUPLICATE_METHOD_MATCH = YES;
				"CODE_SIGN_IDENTITY[sdk=iphoneos*]" = "iPhone Developer";
				COPY_PHASE_STRIP = NO;
				DEBUG_INFORMATION_FORMAT = "dwarf-with-dsym";
				ENABLE_NS_ASSERTIONS = NO;
				ENABLE_STRICT_OBJC_MSGSEND = YES;
				GCC_C_LANGUAGE_STANDARD = gnu99;
				GCC_NO_COMMON_BLOCKS = YES;
				GCC_WARN_64_TO_32_BIT_CONVERSION = YES;
				GCC_WARN_ABOUT_RETURN_TYPE = YES_ERROR;
				GCC_WARN_UNDECLARED_SELECTOR = YES;
				GCC_WARN_UNINITIALIZED_AUTOS = YES_AGGRESSIVE;
				GCC_WARN_UNUSED_FUNCTION = YES;
				GCC_WARN_UNUSED_VARIABLE = YES;
				IPHONEOS_DEPLOYMENT_TARGET = 10.3;
				MTL_ENABLE_DEBUG_INFO = NO;
				SDKROOT = iphoneos;
				SWIFT_OPTIMIZATION_LEVEL = "-Owholemodule";
				VALIDATE_PRODUCT = YES;
			};
			name = Release;
		};
		C9D87F951EBA456A00F9556B /* Debug */ = {
			isa = XCBuildConfiguration;
			buildSettings = {
				ASSETCATALOG_COMPILER_APPICON_NAME = AppIcon;
				DEVELOPMENT_TEAM = PPFQTYCRTS;
				INFOPLIST_FILE = AlmofireinUse/Info.plist;
				LD_RUNPATH_SEARCH_PATHS = "$(inherited) @executable_path/Frameworks";
				PRODUCT_BUNDLE_IDENTIFIER = com.ankit.AlmofireinUse;
				PRODUCT_NAME = "$(TARGET_NAME)";
				SWIFT_VERSION = 3.0;
			};
			name = Debug;
		};
		C9D87F961EBA456A00F9556B /* Release */ = {
			isa = XCBuildConfiguration;
			buildSettings = {
				ASSETCATALOG_COMPILER_APPICON_NAME = AppIcon;
				DEVELOPMENT_TEAM = PPFQTYCRTS;
				INFOPLIST_FILE = AlmofireinUse/Info.plist;
				LD_RUNPATH_SEARCH_PATHS = "$(inherited) @executable_path/Frameworks";
				PRODUCT_BUNDLE_IDENTIFIER = com.ankit.AlmofireinUse;
				PRODUCT_NAME = "$(TARGET_NAME)";
				SWIFT_VERSION = 3.0;
			};
			name = Release;
		};
/* End XCBuildConfiguration section */

/* Begin XCConfigurationList section */
		C9D87F7D1EBA456A00F9556B /* Build configuration list for PBXProject "AlmofireinUse" */ = {
			isa = XCConfigurationList;
			buildConfigurations = (
				C9D87F921EBA456A00F9556B /* Debug */,
				C9D87F931EBA456A00F9556B /* Release */,
			);
			defaultConfigurationIsVisible = 0;
			defaultConfigurationName = Release;
		};
		C9D87F941EBA456A00F9556B /* Build configuration list for PBXNativeTarget "AlmofireinUse" */ = {
			isa = XCConfigurationList;
			buildConfigurations = (
				C9D87F951EBA456A00F9556B /* Debug */,
				C9D87F961EBA456A00F9556B /* Release */,
			);
			defaultConfigurationIsVisible = 0;
		};
/* End XCConfigurationList section */
	};
	rootObject = C9D87F7A1EBA456A00F9556B /* Project object */;
}
